// !$*UTF8*$!
{
	archiveVersion = 1;
	classes = {
	};
	objectVersion = 50;
	objects = {

/* Begin PBXBuildFile section */
		4785759C21541480008692F5 /* subRedditTableViewController2.swift in Sources */ = {isa = PBXBuildFile; fileRef = 4785759B21541480008692F5 /* subRedditTableViewController2.swift */; };
		4785759F2154154F008692F5 /* RedditTableViewCell.swift in Sources */ = {isa = PBXBuildFile; fileRef = 4785759E2154154F008692F5 /* RedditTableViewCell.swift */; };
		47D4FDEB215403290091FD9C /* IRSubredditClient.m in Sources */ = {isa = PBXBuildFile; fileRef = 47D4FDEA215403290091FD9C /* IRSubredditClient.m */; };
		47E0A8482152C6AD00BB910F /* AppDelegate.m in Sources */ = {isa = PBXBuildFile; fileRef = 47E0A8472152C6AD00BB910F /* AppDelegate.m */; };
		47E0A84E2152C6AD00BB910F /* Main.storyboard in Resources */ = {isa = PBXBuildFile; fileRef = 47E0A84C2152C6AD00BB910F /* Main.storyboard */; };
		47E0A8502152C6AF00BB910F /* Assets.xcassets in Resources */ = {isa = PBXBuildFile; fileRef = 47E0A84F2152C6AF00BB910F /* Assets.xcassets */; };
		47E0A8532152C6AF00BB910F /* LaunchScreen.storyboard in Resources */ = {isa = PBXBuildFile; fileRef = 47E0A8512152C6AF00BB910F /* LaunchScreen.storyboard */; };
		47E0A8562152C6AF00BB910F /* main.m in Sources */ = {isa = PBXBuildFile; fileRef = 47E0A8552152C6AF00BB910F /* main.m */; };
		47E0A8632152CA5900BB910F /* IRPost.m in Sources */ = {isa = PBXBuildFile; fileRef = 47E0A8622152CA5900BB910F /* IRPost.m */; };
/* End PBXBuildFile section */

/* Begin PBXFileReference section */
		4785759B21541480008692F5 /* subRedditTableViewController2.swift */ = {isa = PBXFileReference; lastKnownFileType = sourcecode.swift; path = subRedditTableViewController2.swift; sourceTree = "<group>"; };
		4785759E2154154F008692F5 /* RedditTableViewCell.swift */ = {isa = PBXFileReference; lastKnownFileType = sourcecode.swift; path = RedditTableViewCell.swift; sourceTree = "<group>"; };
		47D4FDE9215403290091FD9C /* IRSubredditClient.h */ = {isa = PBXFileReference; lastKnownFileType = sourcecode.c.h; path = IRSubredditClient.h; sourceTree = "<group>"; };
		47D4FDEA215403290091FD9C /* IRSubredditClient.m */ = {isa = PBXFileReference; lastKnownFileType = sourcecode.c.objc; path = IRSubredditClient.m; sourceTree = "<group>"; };
		47D4FDEC215412D70091FD9C /* RedditObjC-Bridging-Header.h */ = {isa = PBXFileReference; lastKnownFileType = sourcecode.c.h; path = "RedditObjC-Bridging-Header.h"; sourceTree = "<group>"; };
		47E0A8432152C6AD00BB910F /* RedditObjC.app */ = {isa = PBXFileReference; explicitFileType = wrapper.application; includeInIndex = 0; path = RedditObjC.app; sourceTree = BUILT_PRODUCTS_DIR; };
		47E0A8462152C6AD00BB910F /* AppDelegate.h */ = {isa = PBXFileReference; lastKnownFileType = sourcecode.c.h; path = AppDelegate.h; sourceTree = "<group>"; };
		47E0A8472152C6AD00BB910F /* AppDelegate.m */ = {isa = PBXFileReference; lastKnownFileType = sourcecode.c.objc; path = AppDelegate.m; sourceTree = "<group>"; };
		47E0A84D2152C6AD00BB910F /* Base */ = {isa = PBXFileReference; lastKnownFileType = file.storyboard; name = Base; path = Base.lproj/Main.storyboard; sourceTree = "<group>"; };
		47E0A84F2152C6AF00BB910F /* Assets.xcassets */ = {isa = PBXFileReference; lastKnownFileType = folder.assetcatalog; path = Assets.xcassets; sourceTree = "<group>"; };
		47E0A8522152C6AF00BB910F /* Base */ = {isa = PBXFileReference; lastKnownFileType = file.storyboard; name = Base; path = Base.lproj/LaunchScreen.storyboard; sourceTree = "<group>"; };
		47E0A8542152C6AF00BB910F /* Info.plist */ = {isa = PBXFileReference; lastKnownFileType = text.plist.xml; path = Info.plist; sourceTree = "<group>"; };
		47E0A8552152C6AF00BB910F /* main.m */ = {isa = PBXFileReference; lastKnownFileType = sourcecode.c.objc; path = main.m; sourceTree = "<group>"; };
		47E0A8612152CA5900BB910F /* IRPost.h */ = {isa = PBXFileReference; lastKnownFileType = sourcecode.c.h; path = IRPost.h; sourceTree = "<group>"; };
		47E0A8622152CA5900BB910F /* IRPost.m */ = {isa = PBXFileReference; lastKnownFileType = sourcecode.c.objc; path = IRPost.m; sourceTree = "<group>"; };
/* End PBXFileReference section */

/* Begin PBXFrameworksBuildPhase section */
		47E0A8402152C6AD00BB910F /* Frameworks */ = {
			isa = PBXFrameworksBuildPhase;
			buildActionMask = 2147483647;
			files = (
			);
			runOnlyForDeploymentPostprocessing = 0;
		};
/* End PBXFrameworksBuildPhase section */

/* Begin PBXGroup section */
		4785759D2154151A008692F5 /* View */ = {
			isa = PBXGroup;
			children = (
				4785759E2154154F008692F5 /* RedditTableViewCell.swift */,
			);
			path = View;
			sourceTree = "<group>";
		};
		47E0A83A2152C6AD00BB910F = {
			isa = PBXGroup;
			children = (
				47E0A8452152C6AD00BB910F /* RedditObjC */,
				47E0A8442152C6AD00BB910F /* Products */,
			);
			sourceTree = "<group>";
		};
		47E0A8442152C6AD00BB910F /* Products */ = {
			isa = PBXGroup;
			children = (
				47E0A8432152C6AD00BB910F /* RedditObjC.app */,
			);
			name = Products;
			sourceTree = "<group>";
		};
		47E0A8452152C6AD00BB910F /* RedditObjC */ = {
			isa = PBXGroup;
			children = (
				4785759D2154151A008692F5 /* View */,
				47E0A85F2152C6E800BB910F /* UI */,
				47E0A85E2152C6E100BB910F /* ViewController */,
				47E0A85D2152C6D900BB910F /* ModelController */,
				47E0A85C2152C6D300BB910F /* Model */,
				47E0A8602152C6F600BB910F /* Resources */,
			);
			path = RedditObjC;
			sourceTree = "<group>";
		};
		47E0A85C2152C6D300BB910F /* Model */ = {
			isa = PBXGroup;
			children = (
				47E0A8612152CA5900BB910F /* IRPost.h */,
				47E0A8622152CA5900BB910F /* IRPost.m */,
			);
			path = Model;
			sourceTree = "<group>";
		};
		47E0A85D2152C6D900BB910F /* ModelController */ = {
			isa = PBXGroup;
			children = (
				47D4FDE9215403290091FD9C /* IRSubredditClient.h */,
				47D4FDEA215403290091FD9C /* IRSubredditClient.m */,
			);
			path = ModelController;
			sourceTree = "<group>";
		};
		47E0A85E2152C6E100BB910F /* ViewController */ = {
			isa = PBXGroup;
			children = (
				47D4FDEC215412D70091FD9C /* RedditObjC-Bridging-Header.h */,
				4785759B21541480008692F5 /* subRedditTableViewController2.swift */,
			);
			path = ViewController;
			sourceTree = "<group>";
		};
		47E0A85F2152C6E800BB910F /* UI */ = {
			isa = PBXGroup;
			children = (
				47E0A84C2152C6AD00BB910F /* Main.storyboard */,
			);
			path = UI;
			sourceTree = "<group>";
		};
		47E0A8602152C6F600BB910F /* Resources */ = {
			isa = PBXGroup;
			children = (
				47E0A8462152C6AD00BB910F /* AppDelegate.h */,
				47E0A8472152C6AD00BB910F /* AppDelegate.m */,
				47E0A84F2152C6AF00BB910F /* Assets.xcassets */,
				47E0A8512152C6AF00BB910F /* LaunchScreen.storyboard */,
				47E0A8542152C6AF00BB910F /* Info.plist */,
				47E0A8552152C6AF00BB910F /* main.m */,
			);
			path = Resources;
			sourceTree = "<group>";
		};
/* End PBXGroup section */

/* Begin PBXNativeTarget section */
		47E0A8422152C6AD00BB910F /* RedditObjC */ = {
			isa = PBXNativeTarget;
			buildConfigurationList = 47E0A8592152C6AF00BB910F /* Build configuration list for PBXNativeTarget "RedditObjC" */;
			buildPhases = (
				47E0A83F2152C6AD00BB910F /* Sources */,
				47E0A8402152C6AD00BB910F /* Frameworks */,
				47E0A8412152C6AD00BB910F /* Resources */,
			);
			buildRules = (
			);
			dependencies = (
			);
			name = RedditObjC;
			productName = RedditObjC;
			productReference = 47E0A8432152C6AD00BB910F /* RedditObjC.app */;
			productType = "com.apple.product-type.application";
		};
/* End PBXNativeTarget section */

/* Begin PBXProject section */
		47E0A83B2152C6AD00BB910F /* Project object */ = {
			isa = PBXProject;
			attributes = {
				LastUpgradeCheck = 1000;
				ORGANIZATIONNAME = ramcomw;
				TargetAttributes = {
					47E0A8422152C6AD00BB910F = {
						CreatedOnToolsVersion = 10.0;
						LastSwiftMigration = 1000;
					};
				};
			};
			buildConfigurationList = 47E0A83E2152C6AD00BB910F /* Build configuration list for PBXProject "RedditObjC" */;
			compatibilityVersion = "Xcode 9.3";
			developmentRegion = en;
			hasScannedForEncodings = 0;
			knownRegions = (
				en,
				Base,
			);
			mainGroup = 47E0A83A2152C6AD00BB910F;
			productRefGroup = 47E0A8442152C6AD00BB910F /* Products */;
			projectDirPath = "";
			projectRoot = "";
			targets = (
				47E0A8422152C6AD00BB910F /* RedditObjC */,
			);
		};
/* End PBXProject section */

/* Begin PBXResourcesBuildPhase section */
		47E0A8412152C6AD00BB910F /* Resources */ = {
			isa = PBXResourcesBuildPhase;
			buildActionMask = 2147483647;
			files = (
				47E0A8532152C6AF00BB910F /* LaunchScreen.storyboard in Resources */,
				47E0A8502152C6AF00BB910F /* Assets.xcassets in Resources */,
				47E0A84E2152C6AD00BB910F /* Main.storyboard in Resources */,
			);
			runOnlyForDeploymentPostprocessing = 0;
		};
/* End PBXResourcesBuildPhase section */

/* Begin PBXSourcesBuildPhase section */
		47E0A83F2152C6AD00BB910F /* Sources */ = {
			isa = PBXSourcesBuildPhase;
			buildActionMask = 2147483647;
			files = (
				47E0A8562152C6AF00BB910F /* main.m in Sources */,
				47E0A8632152CA5900BB910F /* IRPost.m in Sources */,
				4785759C21541480008692F5 /* subRedditTableViewController2.swift in Sources */,
				47D4FDEB215403290091FD9C /* IRSubredditClient.m in Sources */,
				47E0A8482152C6AD00BB910F /* AppDelegate.m in Sources */,
				4785759F2154154F008692F5 /* RedditTableViewCell.swift in Sources */,
			);
			runOnlyForDeploymentPostprocessing = 0;
		};
/* End PBXSourcesBuildPhase section */

/* Begin PBXVariantGroup section */
		47E0A84C2152C6AD00BB910F /* Main.storyboard */ = {
			isa = PBXVariantGroup;
			children = (
				47E0A84D2152C6AD00BB910F /* Base */,
			);
			name = Main.storyboard;
			sourceTree = "<group>";
		};
		47E0A8512152C6AF00BB910F /* LaunchScreen.storyboard */ = {
			isa = PBXVariantGroup;
			children = (
				47E0A8522152C6AF00BB910F /* Base */,
			);
			name = LaunchScreen.storyboard;
			sourceTree = "<group>";
		};
/* End PBXVariantGroup section */

/* Begin XCBuildConfiguration section */
		47E0A8572152C6AF00BB910F /* Debug */ = {
			isa = XCBuildConfiguration;
			buildSettings = {
				ALWAYS_SEARCH_USER_PATHS = NO;
				CLANG_ANALYZER_NONNULL = YES;
				CLANG_ANALYZER_NUMBER_OBJECT_CONVERSION = YES_AGGRESSIVE;
				CLANG_CXX_LANGUAGE_STANDARD = "gnu++14";
				CLANG_CXX_LIBRARY = "libc++";
				CLANG_ENABLE_MODULES = YES;
				CLANG_ENABLE_OBJC_ARC = YES;
				CLANG_ENABLE_OBJC_WEAK = YES;
				CLANG_WARN_BLOCK_CAPTURE_AUTORELEASING = YES;
				CLANG_WARN_BOOL_CONVERSION = YES;
				CLANG_WARN_COMMA = YES;
				CLANG_WARN_CONSTANT_CONVERSION = YES;
				CLANG_WARN_DEPRECATED_OBJC_IMPLEMENTATIONS = YES;
				CLANG_WARN_DIRECT_OBJC_ISA_USAGE = YES_ERROR;
				CLANG_WARN_DOCUMENTATION_COMMENTS = YES;
				CLANG_WARN_EMPTY_BODY = YES;
				CLANG_WARN_ENUM_CONVERSION = YES;
				CLANG_WARN_INFINITE_RECURSION = YES;
				CLANG_WARN_INT_CONVERSION = YES;
				CLANG_WARN_NON_LITERAL_NULL_CONVERSION = YES;
				CLANG_WARN_OBJC_IMPLICIT_RETAIN_SELF = YES;
				CLANG_WARN_OBJC_LITERAL_CONVERSION = YES;
				CLANG_WARN_OBJC_ROOT_CLASS = YES_ERROR;
				CLANG_WARN_RANGE_LOOP_ANALYSIS = YES;
				CLANG_WARN_STRICT_PROTOTYPES = YES;
				CLANG_WARN_SUSPICIOUS_MOVE = YES;
				CLANG_WARN_UNGUARDED_AVAILABILITY = YES_AGGRESSIVE;
				CLANG_WARN_UNREACHABLE_CODE = YES;
				CLANG_WARN__DUPLICATE_METHOD_MATCH = YES;
				CODE_SIGN_IDENTITY = "iPhone Developer";
				COPY_PHASE_STRIP = NO;
				DEBUG_INFORMATION_FORMAT = dwarf;
				ENABLE_STRICT_OBJC_MSGSEND = YES;
				ENABLE_TESTABILITY = YES;
				GCC_C_LANGUAGE_STANDARD = gnu11;
				GCC_DYNAMIC_NO_PIC = NO;
				GCC_NO_COMMON_BLOCKS = YES;
				GCC_OPTIMIZATION_LEVEL = 0;
				GCC_PREPROCESSOR_DEFINITIONS = (
					"DEBUG=1",
					"$(inherited)",
				);
				GCC_WARN_64_TO_32_BIT_CONVERSION = YES;
				GCC_WARN_ABOUT_RETURN_TYPE = YES_ERROR;
				GCC_WARN_UNDECLARED_SELECTOR = YES;
				GCC_WARN_UNINITIALIZED_AUTOS = YES_AGGRESSIVE;
				GCC_WARN_UNUSED_FUNCTION = YES;
				GCC_WARN_UNUSED_VARIABLE = YES;
				IPHONEOS_DEPLOYMENT_TARGET = 12.0;
				MTL_ENABLE_DEBUG_INFO = INCLUDE_SOURCE;
				MTL_FAST_MATH = YES;
				ONLY_ACTIVE_ARCH = YES;
				SDKROOT = iphoneos;
			};
			name = Debug;
		};
		47E0A8582152C6AF00BB910F /* Release */ = {
			isa = XCBuildConfiguration;
			buildSettings = {
				ALWAYS_SEARCH_USER_PATHS = NO;
				CLANG_ANALYZER_NONNULL = YES;
				CLANG_ANALYZER_NUMBER_OBJECT_CONVERSION = YES_AGGRESSIVE;
				CLANG_CXX_LANGUAGE_STANDARD = "gnu++14";
				CLANG_CXX_LIBRARY = "libc++";
				CLANG_ENABLE_MODULES = YES;
				CLANG_ENABLE_OBJC_ARC = YES;
				CLANG_ENABLE_OBJC_WEAK = YES;
				CLANG_WARN_BLOCK_CAPTURE_AUTORELEASING = YES;
				CLANG_WARN_BOOL_CONVERSION = YES;
				CLANG_WARN_COMMA = YES;
				CLANG_WARN_CONSTANT_CONVERSION = YES;
				CLANG_WARN_DEPRECATED_OBJC_IMPLEMENTATIONS = YES;
				CLANG_WARN_DIRECT_OBJC_ISA_USAGE = YES_ERROR;
				CLANG_WARN_DOCUMENTATION_COMMENTS = YES;
				CLANG_WARN_EMPTY_BODY = YES;
				CLANG_WARN_ENUM_CONVERSION = YES;
				CLANG_WARN_INFINITE_RECURSION = YES;
				CLANG_WARN_INT_CONVERSION = YES;
				CLANG_WARN_NON_LITERAL_NULL_CONVERSION = YES;
				CLANG_WARN_OBJC_IMPLICIT_RETAIN_SELF = YES;
				CLANG_WARN_OBJC_LITERAL_CONVERSION = YES;
				CLANG_WARN_OBJC_ROOT_CLASS = YES_ERROR;
				CLANG_WARN_RANGE_LOOP_ANALYSIS = YES;
				CLANG_WARN_STRICT_PROTOTYPES = YES;
				CLANG_WARN_SUSPICIOUS_MOVE = YES;
				CLANG_WARN_UNGUARDED_AVAILABILITY = YES_AGGRESSIVE;
				CLANG_WARN_UNREACHABLE_CODE = YES;
				CLANG_WARN__DUPLICATE_METHOD_MATCH = YES;
				CODE_SIGN_IDENTITY = "iPhone Developer";
				COPY_PHASE_STRIP = NO;
				DEBUG_INFORMATION_FORMAT = "dwarf-with-dsym";
				ENABLE_NS_ASSERTIONS = NO;
				ENABLE_STRICT_OBJC_MSGSEND = YES;
				GCC_C_LANGUAGE_STANDARD = gnu11;
				GCC_NO_COMMON_BLOCKS = YES;
				GCC_WARN_64_TO_32_BIT_CONVERSION = YES;
				GCC_WARN_ABOUT_RETURN_TYPE = YES_ERROR;
				GCC_WARN_UNDECLARED_SELECTOR = YES;
				GCC_WARN_UNINITIALIZED_AUTOS = YES_AGGRESSIVE;
				GCC_WARN_UNUSED_FUNCTION = YES;
				GCC_WARN_UNUSED_VARIABLE = YES;
				IPHONEOS_DEPLOYMENT_TARGET = 12.0;
				MTL_ENABLE_DEBUG_INFO = NO;
				MTL_FAST_MATH = YES;
				SDKROOT = iphoneos;
				VALIDATE_PRODUCT = YES;
			};
			name = Release;
		};
		47E0A85A2152C6AF00BB910F /* Debug */ = {
			isa = XCBuildConfiguration;
			buildSettings = {
				ASSETCATALOG_COMPILER_APPICON_NAME = AppIcon;
				CLANG_ENABLE_MODULES = YES;
				CODE_SIGN_STYLE = Automatic;
				DEVELOPMENT_TEAM = L7AYJDAX2C;
				INFOPLIST_FILE = "$(SRCROOT)/RedditObjC/Resources/Info.plist";
				LD_RUNPATH_SEARCH_PATHS = (
					"$(inherited)",
					"@executable_path/Frameworks",
				);
				PRODUCT_BUNDLE_IDENTIFIER = com.ramcomw.i2v.RedditObjC;
				PRODUCT_NAME = "$(TARGET_NAME)";
				SWIFT_OBJC_BRIDGING_HEADER = "RedditObjC/ViewController/RedditObjC-Bridging-Header.h";
				SWIFT_OPTIMIZATION_LEVEL = "-Onone";
				SWIFT_VERSION = 4.2;
				TARGETED_DEVICE_FAMILY = "1,2";
			};
			name = Debug;
		};
		47E0A85B2152C6AF00BB910F /* Release */ = {
			isa = XCBuildConfiguration;
			buildSettings = {
				ASSETCATALOG_COMPILER_APPICON_NAME = AppIcon;
				CLANG_ENABLE_MODULES = YES;
				CODE_SIGN_STYLE = Automatic;
				DEVELOPMENT_TEAM = L7AYJDAX2C;
				INFOPLIST_FILE = "$(SRCROOT)/RedditObjC/Resources/Info.plist";
				LD_RUNPATH_SEARCH_PATHS = (
					"$(inherited)",
					"@executable_path/Frameworks",
				);
				PRODUCT_BUNDLE_IDENTIFIER = com.ramcomw.i2v.RedditObjC;
				PRODUCT_NAME = "$(TARGET_NAME)";
				SWIFT_OBJC_BRIDGING_HEADER = "RedditObjC/ViewController/RedditObjC-Bridging-Header.h";
				SWIFT_VERSION = 4.2;
				TARGETED_DEVICE_FAMILY = "1,2";
			};
			name = Release;
		};
/* End XCBuildConfiguration section */

/* Begin XCConfigurationList section */
		47E0A83E2152C6AD00BB910F /* Build configuration list for PBXProject "RedditObjC" */ = {
			isa = XCConfigurationList;
			buildConfigurations = (
				47E0A8572152C6AF00BB910F /* Debug */,
				47E0A8582152C6AF00BB910F /* Release */,
			);
			defaultConfigurationIsVisible = 0;
			defaultConfigurationName = Release;
		};
		47E0A8592152C6AF00BB910F /* Build configuration list for PBXNativeTarget "RedditObjC" */ = {
			isa = XCConfigurationList;
			buildConfigurations = (
				47E0A85A2152C6AF00BB910F /* Debug */,
				47E0A85B2152C6AF00BB910F /* Release */,
			);
			defaultConfigurationIsVisible = 0;
			defaultConfigurationName = Release;
		};
/* End XCConfigurationList section */
	};
	rootObject = 47E0A83B2152C6AD00BB910F /* Project object */;
}
